
Microsoft Visual Studio Solution File, Format Version 12.00
# Visual Studio Version 16
VisualStudioVersion = 16.0.30225.117
MinimumVisualStudioVersion = 10.0.40219.1
Project("{FAE04EC0-301F-11D3-BF4B-00C04F79EFBC}") = "ClienteRazor", "ClienteRazor\ClienteRazor.csproj", "{D3FB01F7-943E-48DD-BFE9-1DE4A753CAAA}"
EndProject
Global
	GlobalSection(SolutionConfigurationPlatforms) = preSolution
		Debug|Any CPU = Debug|Any CPU
		Release|Any CPU = Release|Any CPU
	EndGlobalSection
	GlobalSection(ProjectConfigurationPlatforms) = postSolution
		{D3FB01F7-943E-48DD-BFE9-1DE4A753CAAA}.Debug|Any CPU.ActiveCfg = Debug|Any CPU
		{D3FB01F7-943E-48DD-BFE9-1DE4A753CAAA}.Debug|Any CPU.Build.0 = Debug|Any CPU
		{D3FB01F7-943E-48DD-BFE9-1DE4A753CAAA}.Release|Any CPU.ActiveCfg = Release|Any CPU
		{D3FB01F7-943E-48DD-BFE9-1DE4A753CAAA}.Release|Any CPU.Build.0 = Release|Any CPU
	EndGlobalSection
	GlobalSection(SolutionProperties) = preSolution
		HideSolutionNode = FALSE
	EndGlobalSection
	GlobalSection(ExtensibilityGlobals) = postSolution
		SolutionGuid = {A15233F5-D2B6-4514-B786-A5AAB8E1A26D}
	EndGlobalSection
EndGlobal
